
Microsoft Visual Studio Solution File, Format Version 12.00
# Visual Studio Version 16
VisualStudioVersion = 16.0.30717.126
MinimumVisualStudioVersion = 10.0.40219.1
Project("{FAE04EC0-301F-11D3-BF4B-00C04F79EFBC}") = "AOPExample", "AOPExample\AOPExample.csproj", "{0867776A-2ACC-4EA8-AFB3-ECFF359E1507}"
EndProject
Global
	GlobalSection(SolutionConfigurationPlatforms) = preSolution
		Debug|Any CPU = Debug|Any CPU
		Release|Any CPU = Release|Any CPU
	EndGlobalSection
	GlobalSection(ProjectConfigurationPlatforms) = postSolution
		{0867776A-2ACC-4EA8-AFB3-ECFF359E1507}.Debug|Any CPU.ActiveCfg = Debug|Any CPU
		{0867776A-2ACC-4EA8-AFB3-ECFF359E1507}.Debug|Any CPU.Build.0 = Debug|Any CPU
		{0867776A-2ACC-4EA8-AFB3-ECFF359E1507}.Release|Any CPU.ActiveCfg = Release|Any CPU
		{0867776A-2ACC-4EA8-AFB3-ECFF359E1507}.Release|Any CPU.Build.0 = Release|Any CPU
	EndGlobalSection
	GlobalSection(SolutionProperties) = preSolution
		HideSolutionNode = FALSE
	EndGlobalSection
	GlobalSection(ExtensibilityGlobals) = postSolution
		SolutionGuid = {1F4BC544-436E-41EA-A554-5C05CB27F4FB}
	EndGlobalSection
EndGlobal
